// !$*UTF8*$!
{
	archiveVersion = 1;
	classes = {
	};
	objectVersion = 48;
	objects = {

/* Begin PBXBuildFile section */
		2942460B1FE47EB000C59926 /* AppDelegate.swift in Sources */ = {isa = PBXBuildFile; fileRef = 2942460A1FE47EB000C59926 /* AppDelegate.swift */; };
		2942460D1FE47EB000C59926 /* ViewController.swift in Sources */ = {isa = PBXBuildFile; fileRef = 2942460C1FE47EB000C59926 /* ViewController.swift */; };
		294246101FE47EB000C59926 /* Main.storyboard in Resources */ = {isa = PBXBuildFile; fileRef = 2942460E1FE47EB000C59926 /* Main.storyboard */; };
		294246121FE47EB000C59926 /* Assets.xcassets in Resources */ = {isa = PBXBuildFile; fileRef = 294246111FE47EB000C59926 /* Assets.xcassets */; };
		294246151FE47EB000C59926 /* LaunchScreen.storyboard in Resources */ = {isa = PBXBuildFile; fileRef = 294246131FE47EB000C59926 /* LaunchScreen.storyboard */; };
		294246201FE47EB000C59926 /* CoolNotesTests.swift in Sources */ = {isa = PBXBuildFile; fileRef = 2942461F1FE47EB000C59926 /* CoolNotesTests.swift */; };
		2942462B1FE47EB000C59926 /* CoolNotesUITests.swift in Sources */ = {isa = PBXBuildFile; fileRef = 2942462A1FE47EB000C59926 /* CoolNotesUITests.swift */; };
		2942463A1FE47FF300C59926 /* Model.xcdatamodeld in Sources */ = {isa = PBXBuildFile; fileRef = 294246381FE47FF300C59926 /* Model.xcdatamodeld */; };
		2942463C1FE4829000C59926 /* CoreDataStack.swift in Sources */ = {isa = PBXBuildFile; fileRef = 2942463B1FE4829000C59926 /* CoreDataStack.swift */; };
/* End PBXBuildFile section */

/* Begin PBXContainerItemProxy section */
		2942461C1FE47EB000C59926 /* PBXContainerItemProxy */ = {
			isa = PBXContainerItemProxy;
			containerPortal = 294245FF1FE47EB000C59926 /* Project object */;
			proxyType = 1;
			remoteGlobalIDString = 294246061FE47EB000C59926;
			remoteInfo = CoolNotes;
		};
		294246271FE47EB000C59926 /* PBXContainerItemProxy */ = {
			isa = PBXContainerItemProxy;
			containerPortal = 294245FF1FE47EB000C59926 /* Project object */;
			proxyType = 1;
			remoteGlobalIDString = 294246061FE47EB000C59926;
			remoteInfo = CoolNotes;
		};
/* End PBXContainerItemProxy section */

/* Begin PBXFileReference section */
		294246071FE47EB000C59926 /* CoolNotes.app */ = {isa = PBXFileReference; explicitFileType = wrapper.application; includeInIndex = 0; path = CoolNotes.app; sourceTree = BUILT_PRODUCTS_DIR; };
		2942460A1FE47EB000C59926 /* AppDelegate.swift */ = {isa = PBXFileReference; lastKnownFileType = sourcecode.swift; path = AppDelegate.swift; sourceTree = "<group>"; };
		2942460C1FE47EB000C59926 /* ViewController.swift */ = {isa = PBXFileReference; lastKnownFileType = sourcecode.swift; path = ViewController.swift; sourceTree = "<group>"; };
		2942460F1FE47EB000C59926 /* Base */ = {isa = PBXFileReference; lastKnownFileType = file.storyboard; name = Base; path = Base.lproj/Main.storyboard; sourceTree = "<group>"; };
		294246111FE47EB000C59926 /* Assets.xcassets */ = {isa = PBXFileReference; lastKnownFileType = folder.assetcatalog; path = Assets.xcassets; sourceTree = "<group>"; };
		294246141FE47EB000C59926 /* Base */ = {isa = PBXFileReference; lastKnownFileType = file.storyboard; name = Base; path = Base.lproj/LaunchScreen.storyboard; sourceTree = "<group>"; };
		294246161FE47EB000C59926 /* Info.plist */ = {isa = PBXFileReference; lastKnownFileType = text.plist.xml; path = Info.plist; sourceTree = "<group>"; };
		2942461B1FE47EB000C59926 /* CoolNotesTests.xctest */ = {isa = PBXFileReference; explicitFileType = wrapper.cfbundle; includeInIndex = 0; path = CoolNotesTests.xctest; sourceTree = BUILT_PRODUCTS_DIR; };
		2942461F1FE47EB000C59926 /* CoolNotesTests.swift */ = {isa = PBXFileReference; lastKnownFileType = sourcecode.swift; path = CoolNotesTests.swift; sourceTree = "<group>"; };
		294246211FE47EB000C59926 /* Info.plist */ = {isa = PBXFileReference; lastKnownFileType = text.plist.xml; path = Info.plist; sourceTree = "<group>"; };
		294246261FE47EB000C59926 /* CoolNotesUITests.xctest */ = {isa = PBXFileReference; explicitFileType = wrapper.cfbundle; includeInIndex = 0; path = CoolNotesUITests.xctest; sourceTree = BUILT_PRODUCTS_DIR; };
		2942462A1FE47EB000C59926 /* CoolNotesUITests.swift */ = {isa = PBXFileReference; lastKnownFileType = sourcecode.swift; path = CoolNotesUITests.swift; sourceTree = "<group>"; };
		2942462C1FE47EB000C59926 /* Info.plist */ = {isa = PBXFileReference; lastKnownFileType = text.plist.xml; path = Info.plist; sourceTree = "<group>"; };
		294246391FE47FF300C59926 /* Model.xcdatamodel */ = {isa = PBXFileReference; lastKnownFileType = wrapper.xcdatamodel; path = Model.xcdatamodel; sourceTree = "<group>"; };
		2942463B1FE4829000C59926 /* CoreDataStack.swift */ = {isa = PBXFileReference; lastKnownFileType = sourcecode.swift; path = CoreDataStack.swift; sourceTree = "<group>"; };
/* End PBXFileReference section */

/* Begin PBXFrameworksBuildPhase section */
		294246041FE47EB000C59926 /* Frameworks */ = {
			isa = PBXFrameworksBuildPhase;
			buildActionMask = 2147483647;
			files = (
			);
			runOnlyForDeploymentPostprocessing = 0;
		};
		294246181FE47EB000C59926 /* Frameworks */ = {
			isa = PBXFrameworksBuildPhase;
			buildActionMask = 2147483647;
			files = (
			);
			runOnlyForDeploymentPostprocessing = 0;
		};
		294246231FE47EB000C59926 /* Frameworks */ = {
			isa = PBXFrameworksBuildPhase;
			buildActionMask = 2147483647;
			files = (
			);
			runOnlyForDeploymentPostprocessing = 0;
		};
/* End PBXFrameworksBuildPhase section */

/* Begin PBXGroup section */
		294245FE1FE47EB000C59926 = {
			isa = PBXGroup;
			children = (
				294246091FE47EB000C59926 /* CoolNotes */,
				2942461E1FE47EB000C59926 /* CoolNotesTests */,
				294246291FE47EB000C59926 /* CoolNotesUITests */,
				294246081FE47EB000C59926 /* Products */,
			);
			sourceTree = "<group>";
		};
		294246081FE47EB000C59926 /* Products */ = {
			isa = PBXGroup;
			children = (
				294246071FE47EB000C59926 /* CoolNotes.app */,
				2942461B1FE47EB000C59926 /* CoolNotesTests.xctest */,
				294246261FE47EB000C59926 /* CoolNotesUITests.xctest */,
			);
			name = Products;
			sourceTree = "<group>";
		};
		294246091FE47EB000C59926 /* CoolNotes */ = {
			isa = PBXGroup;
			children = (
				2942460A1FE47EB000C59926 /* AppDelegate.swift */,
				2942460C1FE47EB000C59926 /* ViewController.swift */,
				2942460E1FE47EB000C59926 /* Main.storyboard */,
				294246111FE47EB000C59926 /* Assets.xcassets */,
				294246131FE47EB000C59926 /* LaunchScreen.storyboard */,
				294246161FE47EB000C59926 /* Info.plist */,
				294246381FE47FF300C59926 /* Model.xcdatamodeld */,
				2942463B1FE4829000C59926 /* CoreDataStack.swift */,
			);
			path = CoolNotes;
			sourceTree = "<group>";
		};
		2942461E1FE47EB000C59926 /* CoolNotesTests */ = {
			isa = PBXGroup;
			children = (
				2942461F1FE47EB000C59926 /* CoolNotesTests.swift */,
				294246211FE47EB000C59926 /* Info.plist */,
			);
			path = CoolNotesTests;
			sourceTree = "<group>";
		};
		294246291FE47EB000C59926 /* CoolNotesUITests */ = {
			isa = PBXGroup;
			children = (
				2942462A1FE47EB000C59926 /* CoolNotesUITests.swift */,
				2942462C1FE47EB000C59926 /* Info.plist */,
			);
			path = CoolNotesUITests;
			sourceTree = "<group>";
		};
/* End PBXGroup section */

/* Begin PBXNativeTarget section */
		294246061FE47EB000C59926 /* CoolNotes */ = {
			isa = PBXNativeTarget;
			buildConfigurationList = 2942462F1FE47EB000C59926 /* Build configuration list for PBXNativeTarget "CoolNotes" */;
			buildPhases = (
				294246031FE47EB000C59926 /* Sources */,
				294246041FE47EB000C59926 /* Frameworks */,
				294246051FE47EB000C59926 /* Resources */,
			);
			buildRules = (
			);
			dependencies = (
			);
			name = CoolNotes;
			productName = CoolNotes;
			productReference = 294246071FE47EB000C59926 /* CoolNotes.app */;
			productType = "com.apple.product-type.application";
		};
		2942461A1FE47EB000C59926 /* CoolNotesTests */ = {
			isa = PBXNativeTarget;
			buildConfigurationList = 294246321FE47EB000C59926 /* Build configuration list for PBXNativeTarget "CoolNotesTests" */;
			buildPhases = (
				294246171FE47EB000C59926 /* Sources */,
				294246181FE47EB000C59926 /* Frameworks */,
				294246191FE47EB000C59926 /* Resources */,
			);
			buildRules = (
			);
			dependencies = (
				2942461D1FE47EB000C59926 /* PBXTargetDependency */,
			);
			name = CoolNotesTests;
			productName = CoolNotesTests;
			productReference = 2942461B1FE47EB000C59926 /* CoolNotesTests.xctest */;
			productType = "com.apple.product-type.bundle.unit-test";
		};
		294246251FE47EB000C59926 /* CoolNotesUITests */ = {
			isa = PBXNativeTarget;
			buildConfigurationList = 294246351FE47EB000C59926 /* Build configuration list for PBXNativeTarget "CoolNotesUITests" */;
			buildPhases = (
				294246221FE47EB000C59926 /* Sources */,
				294246231FE47EB000C59926 /* Frameworks */,
				294246241FE47EB000C59926 /* Resources */,
			);
			buildRules = (
			);
			dependencies = (
				294246281FE47EB000C59926 /* PBXTargetDependency */,
			);
			name = CoolNotesUITests;
			productName = CoolNotesUITests;
			productReference = 294246261FE47EB000C59926 /* CoolNotesUITests.xctest */;
			productType = "com.apple.product-type.bundle.ui-testing";
		};
/* End PBXNativeTarget section */

/* Begin PBXProject section */
		294245FF1FE47EB000C59926 /* Project object */ = {
			isa = PBXProject;
			attributes = {
				LastSwiftUpdateCheck = 0920;
				LastUpgradeCheck = 0920;
				ORGANIZATIONNAME = "Tiago Do Couto";
				TargetAttributes = {
					294246061FE47EB000C59926 = {
						CreatedOnToolsVersion = 9.2;
						ProvisioningStyle = Automatic;
					};
					2942461A1FE47EB000C59926 = {
						CreatedOnToolsVersion = 9.2;
						ProvisioningStyle = Automatic;
						TestTargetID = 294246061FE47EB000C59926;
					};
					294246251FE47EB000C59926 = {
						CreatedOnToolsVersion = 9.2;
						ProvisioningStyle = Automatic;
						TestTargetID = 294246061FE47EB000C59926;
					};
				};
			};
			buildConfigurationList = 294246021FE47EB000C59926 /* Build configuration list for PBXProject "CoolNotes" */;
			compatibilityVersion = "Xcode 8.0";
			developmentRegion = en;
			hasScannedForEncodings = 0;
			knownRegions = (
				en,
				Base,
			);
			mainGroup = 294245FE1FE47EB000C59926;
			productRefGroup = 294246081FE47EB000C59926 /* Products */;
			projectDirPath = "";
			projectRoot = "";
			targets = (
				294246061FE47EB000C59926 /* CoolNotes */,
				2942461A1FE47EB000C59926 /* CoolNotesTests */,
				294246251FE47EB000C59926 /* CoolNotesUITests */,
			);
		};
/* End PBXProject section */

/* Begin PBXResourcesBuildPhase section */
		294246051FE47EB000C59926 /* Resources */ = {
			isa = PBXResourcesBuildPhase;
			buildActionMask = 2147483647;
			files = (
				294246151FE47EB000C59926 /* LaunchScreen.storyboard in Resources */,
				294246121FE47EB000C59926 /* Assets.xcassets in Resources */,
				294246101FE47EB000C59926 /* Main.storyboard in Resources */,
			);
			runOnlyForDeploymentPostprocessing = 0;
		};
		294246191FE47EB000C59926 /* Resources */ = {
			isa = PBXResourcesBuildPhase;
			buildActionMask = 2147483647;
			files = (
			);
			runOnlyForDeploymentPostprocessing = 0;
		};
		294246241FE47EB000C59926 /* Resources */ = {
			isa = PBXResourcesBuildPhase;
			buildActionMask = 2147483647;
			files = (
			);
			runOnlyForDeploymentPostprocessing = 0;
		};
/* End PBXResourcesBuildPhase section */

/* Begin PBXSourcesBuildPhase section */
		294246031FE47EB000C59926 /* Sources */ = {
			isa = PBXSourcesBuildPhase;
			buildActionMask = 2147483647;
			files = (
				2942460D1FE47EB000C59926 /* ViewController.swift in Sources */,
				2942460B1FE47EB000C59926 /* AppDelegate.swift in Sources */,
				2942463A1FE47FF300C59926 /* Model.xcdatamodeld in Sources */,
				2942463C1FE4829000C59926 /* CoreDataStack.swift in Sources */,
			);
			runOnlyForDeploymentPostprocessing = 0;
		};
		294246171FE47EB000C59926 /* Sources */ = {
			isa = PBXSourcesBuildPhase;
			buildActionMask = 2147483647;
			files = (
				294246201FE47EB000C59926 /* CoolNotesTests.swift in Sources */,
			);
			runOnlyForDeploymentPostprocessing = 0;
		};
		294246221FE47EB000C59926 /* Sources */ = {
			isa = PBXSourcesBuildPhase;
			buildActionMask = 2147483647;
			files = (
				2942462B1FE47EB000C59926 /* CoolNotesUITests.swift in Sources */,
			);
			runOnlyForDeploymentPostprocessing = 0;
		};
/* End PBXSourcesBuildPhase section */

/* Begin PBXTargetDependency section */
		2942461D1FE47EB000C59926 /* PBXTargetDependency */ = {
			isa = PBXTargetDependency;
			target = 294246061FE47EB000C59926 /* CoolNotes */;
			targetProxy = 2942461C1FE47EB000C59926 /* PBXContainerItemProxy */;
		};
		294246281FE47EB000C59926 /* PBXTargetDependency */ = {
			isa = PBXTargetDependency;
			target = 294246061FE47EB000C59926 /* CoolNotes */;
			targetProxy = 294246271FE47EB000C59926 /* PBXContainerItemProxy */;
		};
/* End PBXTargetDependency section */

/* Begin PBXVariantGroup section */
		2942460E1FE47EB000C59926 /* Main.storyboard */ = {
			isa = PBXVariantGroup;
			children = (
				2942460F1FE47EB000C59926 /* Base */,
			);
			name = Main.storyboard;
			sourceTree = "<group>";
		};
		294246131FE47EB000C59926 /* LaunchScreen.storyboard */ = {
			isa = PBXVariantGroup;
			children = (
				294246141FE47EB000C59926 /* Base */,
			);
			name = LaunchScreen.storyboard;
			sourceTree = "<group>";
		};
/* End PBXVariantGroup section */

/* Begin XCBuildConfiguration section */
		2942462D1FE47EB000C59926 /* Debug */ = {
			isa = XCBuildConfiguration;
			buildSettings = {
				ALWAYS_SEARCH_USER_PATHS = NO;
				CLANG_ANALYZER_NONNULL = YES;
				CLANG_ANALYZER_NUMBER_OBJECT_CONVERSION = YES_AGGRESSIVE;
				CLANG_CXX_LANGUAGE_STANDARD = "gnu++14";
				CLANG_CXX_LIBRARY = "libc++";
				CLANG_ENABLE_MODULES = YES;
				CLANG_ENABLE_OBJC_ARC = YES;
				CLANG_WARN_BLOCK_CAPTURE_AUTORELEASING = YES;
				CLANG_WARN_BOOL_CONVERSION = YES;
				CLANG_WARN_COMMA = YES;
				CLANG_WARN_CONSTANT_CONVERSION = YES;
				CLANG_WARN_DIRECT_OBJC_ISA_USAGE = YES_ERROR;
				CLANG_WARN_DOCUMENTATION_COMMENTS = YES;
				CLANG_WARN_EMPTY_BODY = YES;
				CLANG_WARN_ENUM_CONVERSION = YES;
				CLANG_WARN_INFINITE_RECURSION = YES;
				CLANG_WARN_INT_CONVERSION = YES;
				CLANG_WARN_NON_LITERAL_NULL_CONVERSION = YES;
				CLANG_WARN_OBJC_LITERAL_CONVERSION = YES;
				CLANG_WARN_OBJC_ROOT_CLASS = YES_ERROR;
				CLANG_WARN_RANGE_LOOP_ANALYSIS = YES;
				CLANG_WARN_STRICT_PROTOTYPES = YES;
				CLANG_WARN_SUSPICIOUS_MOVE = YES;
				CLANG_WARN_UNGUARDED_AVAILABILITY = YES_AGGRESSIVE;
				CLANG_WARN_UNREACHABLE_CODE = YES;
				CLANG_WARN__DUPLICATE_METHOD_MATCH = YES;
				CODE_SIGN_IDENTITY = "iPhone Developer";
				COPY_PHASE_STRIP = NO;
				DEBUG_INFORMATION_FORMAT = dwarf;
				ENABLE_STRICT_OBJC_MSGSEND = YES;
				ENABLE_TESTABILITY = YES;
				GCC_C_LANGUAGE_STANDARD = gnu11;
				GCC_DYNAMIC_NO_PIC = NO;
				GCC_NO_COMMON_BLOCKS = YES;
				GCC_OPTIMIZATION_LEVEL = 0;
				GCC_PREPROCESSOR_DEFINITIONS = (
					"DEBUG=1",
					"$(inherited)",
				);
				GCC_WARN_64_TO_32_BIT_CONVERSION = YES;
				GCC_WARN_ABOUT_RETURN_TYPE = YES_ERROR;
				GCC_WARN_UNDECLARED_SELECTOR = YES;
				GCC_WARN_UNINITIALIZED_AUTOS = YES_AGGRESSIVE;
				GCC_WARN_UNUSED_FUNCTION = YES;
				GCC_WARN_UNUSED_VARIABLE = YES;
				IPHONEOS_DEPLOYMENT_TARGET = 11.2;
				MTL_ENABLE_DEBUG_INFO = YES;
				ONLY_ACTIVE_ARCH = YES;
				SDKROOT = iphoneos;
				SWIFT_ACTIVE_COMPILATION_CONDITIONS = DEBUG;
				SWIFT_OPTIMIZATION_LEVEL = "-Onone";
			};
			name = Debug;
		};
		2942462E1FE47EB000C59926 /* Release */ = {
			isa = XCBuildConfiguration;
			buildSettings = {
				ALWAYS_SEARCH_USER_PATHS = NO;
				CLANG_ANALYZER_NONNULL = YES;
				CLANG_ANALYZER_NUMBER_OBJECT_CONVERSION = YES_AGGRESSIVE;
				CLANG_CXX_LANGUAGE_STANDARD = "gnu++14";
				CLANG_CXX_LIBRARY = "libc++";
				CLANG_ENABLE_MODULES = YES;
				CLANG_ENABLE_OBJC_ARC = YES;
				CLANG_WARN_BLOCK_CAPTURE_AUTORELEASING = YES;
				CLANG_WARN_BOOL_CONVERSION = YES;
				CLANG_WARN_COMMA = YES;
				CLANG_WARN_CONSTANT_CONVERSION = YES;
				CLANG_WARN_DIRECT_OBJC_ISA_USAGE = YES_ERROR;
				CLANG_WARN_DOCUMENTATION_COMMENTS = YES;
				CLANG_WARN_EMPTY_BODY = YES;
				CLANG_WARN_ENUM_CONVERSION = YES;
				CLANG_WARN_INFINITE_RECURSION = YES;
				CLANG_WARN_INT_CONVERSION = YES;
				CLANG_WARN_NON_LITERAL_NULL_CONVERSION = YES;
				CLANG_WARN_OBJC_LITERAL_CONVERSION = YES;
				CLANG_WARN_OBJC_ROOT_CLASS = YES_ERROR;
				CLANG_WARN_RANGE_LOOP_ANALYSIS = YES;
				CLANG_WARN_STRICT_PROTOTYPES = YES;
				CLANG_WARN_SUSPICIOUS_MOVE = YES;
				CLANG_WARN_UNGUARDED_AVAILABILITY = YES_AGGRESSIVE;
				CLANG_WARN_UNREACHABLE_CODE = YES;
				CLANG_WARN__DUPLICATE_METHOD_MATCH = YES;
				CODE_SIGN_IDENTITY = "iPhone Developer";
				COPY_PHASE_STRIP = NO;
				DEBUG_INFORMATION_FORMAT = "dwarf-with-dsym";
				ENABLE_NS_ASSERTIONS = NO;
				ENABLE_STRICT_OBJC_MSGSEND = YES;
				GCC_C_LANGUAGE_STANDARD = gnu11;
				GCC_NO_COMMON_BLOCKS = YES;
				GCC_WARN_64_TO_32_BIT_CONVERSION = YES;
				GCC_WARN_ABOUT_RETURN_TYPE = YES_ERROR;
				GCC_WARN_UNDECLARED_SELECTOR = YES;
				GCC_WARN_UNINITIALIZED_AUTOS = YES_AGGRESSIVE;
				GCC_WARN_UNUSED_FUNCTION = YES;
				GCC_WARN_UNUSED_VARIABLE = YES;
				IPHONEOS_DEPLOYMENT_TARGET = 11.2;
				MTL_ENABLE_DEBUG_INFO = NO;
				SDKROOT = iphoneos;
				SWIFT_OPTIMIZATION_LEVEL = "-Owholemodule";
				VALIDATE_PRODUCT = YES;
			};
			name = Release;
		};
		294246301FE47EB000C59926 /* Debug */ = {
			isa = XCBuildConfiguration;
			buildSettings = {
				ASSETCATALOG_COMPILER_APPICON_NAME = AppIcon;
				CODE_SIGN_STYLE = Automatic;
				DEVELOPMENT_TEAM = 7TW6282C6A;
				INFOPLIST_FILE = CoolNotes/Info.plist;
				LD_RUNPATH_SEARCH_PATHS = "$(inherited) @executable_path/Frameworks";
				PRODUCT_BUNDLE_IDENTIFIER = com.coutocode.CoolNotes;
				PRODUCT_NAME = "$(TARGET_NAME)";
				SWIFT_VERSION = 4.0;
				TARGETED_DEVICE_FAMILY = "1,2";
			};
			name = Debug;
		};
		294246311FE47EB000C59926 /* Release */ = {
			isa = XCBuildConfiguration;
			buildSettings = {
				ASSETCATALOG_COMPILER_APPICON_NAME = AppIcon;
				CODE_SIGN_STYLE = Automatic;
				DEVELOPMENT_TEAM = 7TW6282C6A;
				INFOPLIST_FILE = CoolNotes/Info.plist;
				LD_RUNPATH_SEARCH_PATHS = "$(inherited) @executable_path/Frameworks";
				PRODUCT_BUNDLE_IDENTIFIER = com.coutocode.CoolNotes;
				PRODUCT_NAME = "$(TARGET_NAME)";
				SWIFT_VERSION = 4.0;
				TARGETED_DEVICE_FAMILY = "1,2";
			};
			name = Release;
		};
		294246331FE47EB000C59926 /* Debug */ = {
			isa = XCBuildConfiguration;
			buildSettings = {
				ALWAYS_EMBED_SWIFT_STANDARD_LIBRARIES = YES;
				BUNDLE_LOADER = "$(TEST_HOST)";
				CODE_SIGN_STYLE = Automatic;
				DEVELOPMENT_TEAM = 7TW6282C6A;
				INFOPLIST_FILE = CoolNotesTests/Info.plist;
				LD_RUNPATH_SEARCH_PATHS = "$(inherited) @executable_path/Frameworks @loader_path/Frameworks";
				PRODUCT_BUNDLE_IDENTIFIER = com.coutocode.CoolNotesTests;
				PRODUCT_NAME = "$(TARGET_NAME)";
				SWIFT_VERSION = 4.0;
				TARGETED_DEVICE_FAMILY = "1,2";
				TEST_HOST = "$(BUILT_PRODUCTS_DIR)/CoolNotes.app/CoolNotes";
			};
			name = Debug;
		};
		294246341FE47EB000C59926 /* Release */ = {
			isa = XCBuildConfiguration;
			buildSettings = {
				ALWAYS_EMBED_SWIFT_STANDARD_LIBRARIES = YES;
				BUNDLE_LOADER = "$(TEST_HOST)";
				CODE_SIGN_STYLE = Automatic;
				DEVELOPMENT_TEAM = 7TW6282C6A;
				INFOPLIST_FILE = CoolNotesTests/Info.plist;
				LD_RUNPATH_SEARCH_PATHS = "$(inherited) @executable_path/Frameworks @loader_path/Frameworks";
				PRODUCT_BUNDLE_IDENTIFIER = com.coutocode.CoolNotesTests;
				PRODUCT_NAME = "$(TARGET_NAME)";
				SWIFT_VERSION = 4.0;
				TARGETED_DEVICE_FAMILY = "1,2";
				TEST_HOST = "$(BUILT_PRODUCTS_DIR)/CoolNotes.app/CoolNotes";
			};
			name = Release;
		};
		294246361FE47EB000C59926 /* Debug */ = {
			isa = XCBuildConfiguration;
			buildSettings = {
				ALWAYS_EMBED_SWIFT_STANDARD_LIBRARIES = YES;
				CODE_SIGN_STYLE = Automatic;
				DEVELOPMENT_TEAM = 7TW6282C6A;
				INFOPLIST_FILE = CoolNotesUITests/Info.plist;
				LD_RUNPATH_SEARCH_PATHS = "$(inherited) @executable_path/Frameworks @loader_path/Frameworks";
				PRODUCT_BUNDLE_IDENTIFIER = com.coutocode.CoolNotesUITests;
				PRODUCT_NAME = "$(TARGET_NAME)";
				SWIFT_VERSION = 4.0;
				TARGETED_DEVICE_FAMILY = "1,2";
				TEST_TARGET_NAME = CoolNotes;
			};
			name = Debug;
		};
		294246371FE47EB000C59926 /* Release */ = {
			isa = XCBuildConfiguration;
			buildSettings = {
				ALWAYS_EMBED_SWIFT_STANDARD_LIBRARIES = YES;
				CODE_SIGN_STYLE = Automatic;
				DEVELOPMENT_TEAM = 7TW6282C6A;
				INFOPLIST_FILE = CoolNotesUITests/Info.plist;
				LD_RUNPATH_SEARCH_PATHS = "$(inherited) @executable_path/Frameworks @loader_path/Frameworks";
				PRODUCT_BUNDLE_IDENTIFIER = com.coutocode.CoolNotesUITests;
				PRODUCT_NAME = "$(TARGET_NAME)";
				SWIFT_VERSION = 4.0;
				TARGETED_DEVICE_FAMILY = "1,2";
				TEST_TARGET_NAME = CoolNotes;
			};
			name = Release;
		};
/* End XCBuildConfiguration section */

/* Begin XCConfigurationList section */
		294246021FE47EB000C59926 /* Build configuration list for PBXProject "CoolNotes" */ = {
			isa = XCConfigurationList;
			buildConfigurations = (
				2942462D1FE47EB000C59926 /* Debug */,
				2942462E1FE47EB000C59926 /* Release */,
			);
			defaultConfigurationIsVisible = 0;
			defaultConfigurationName = Release;
		};
		2942462F1FE47EB000C59926 /* Build configuration list for PBXNativeTarget "CoolNotes" */ = {
			isa = XCConfigurationList;
			buildConfigurations = (
				294246301FE47EB000C59926 /* Debug */,
				294246311FE47EB000C59926 /* Release */,
			);
			defaultConfigurationIsVisible = 0;
			defaultConfigurationName = Release;
		};
		294246321FE47EB000C59926 /* Build configuration list for PBXNativeTarget "CoolNotesTests" */ = {
			isa = XCConfigurationList;
			buildConfigurations = (
				294246331FE47EB000C59926 /* Debug */,
				294246341FE47EB000C59926 /* Release */,
			);
			defaultConfigurationIsVisible = 0;
			defaultConfigurationName = Release;
		};
		294246351FE47EB000C59926 /* Build configuration list for PBXNativeTarget "CoolNotesUITests" */ = {
			isa = XCConfigurationList;
			buildConfigurations = (
				294246361FE47EB000C59926 /* Debug */,
				294246371FE47EB000C59926 /* Release */,
			);
			defaultConfigurationIsVisible = 0;
			defaultConfigurationName = Release;
		};
/* End XCConfigurationList section */

/* Begin XCVersionGroup section */
		294246381FE47FF300C59926 /* Model.xcdatamodeld */ = {
			isa = XCVersionGroup;
			children = (
				294246391FE47FF300C59926 /* Model.xcdatamodel */,
			);
			currentVersion = 294246391FE47FF300C59926 /* Model.xcdatamodel */;
			path = Model.xcdatamodeld;
			sourceTree = "<group>";
			versionGroupType = wrapper.xcdatamodel;
		};
/* End XCVersionGroup section */
	};
	rootObject = 294245FF1FE47EB000C59926 /* Project object */;
}
